
Microsoft Visual Studio Solution File, Format Version 12.00
# Visual Studio 15
VisualStudioVersion = 15.0.27703.2042
MinimumVisualStudioVersion = 10.0.40219.1
Project("{9A19103F-16F7-4668-BE54-9A1E7A4F7556}") = "AspProjekt", "AspProjekt\AspProjekt.csproj", "{D89EA601-8185-4FB9-B740-A7E804D3B606}"
EndProject
Project("{9A19103F-16F7-4668-BE54-9A1E7A4F7556}") = "WebStore.Domain", "WebStore.Domain\WebStore.Domain.csproj", "{225112C2-2EC6-40E2-ACC7-8B01EC575B5A}"
EndProject
Global
	GlobalSection(SolutionConfigurationPlatforms) = preSolution
		Debug|Any CPU = Debug|Any CPU
		Release|Any CPU = Release|Any CPU
	EndGlobalSection
	GlobalSection(ProjectConfigurationPlatforms) = postSolution
		{D89EA601-8185-4FB9-B740-A7E804D3B606}.Debug|Any CPU.ActiveCfg = Debug|Any CPU
		{D89EA601-8185-4FB9-B740-A7E804D3B606}.Debug|Any CPU.Build.0 = Debug|Any CPU
		{D89EA601-8185-4FB9-B740-A7E804D3B606}.Release|Any CPU.ActiveCfg = Release|Any CPU
		{D89EA601-8185-4FB9-B740-A7E804D3B606}.Release|Any CPU.Build.0 = Release|Any CPU
		{225112C2-2EC6-40E2-ACC7-8B01EC575B5A}.Debug|Any CPU.ActiveCfg = Debug|Any CPU
		{225112C2-2EC6-40E2-ACC7-8B01EC575B5A}.Debug|Any CPU.Build.0 = Debug|Any CPU
		{225112C2-2EC6-40E2-ACC7-8B01EC575B5A}.Release|Any CPU.ActiveCfg = Release|Any CPU
		{225112C2-2EC6-40E2-ACC7-8B01EC575B5A}.Release|Any CPU.Build.0 = Release|Any CPU
	EndGlobalSection
	GlobalSection(SolutionProperties) = preSolution
		HideSolutionNode = FALSE
	EndGlobalSection
	GlobalSection(ExtensibilityGlobals) = postSolution
		SolutionGuid = {BC517ED3-D30D-48C1-9560-DFD85B72C2BE}
	EndGlobalSection
EndGlobal
